
Microsoft Visual Studio Solution File, Format Version 10.00
# Visual Studio 2008
Project("{FAE04EC0-301F-11D3-BF4B-00C04F79EFBC}") = "WPFChat.Library", "WPFChat.Library\WPFChat.Library.csproj", "{F1D37165-0053-4D8B-8620-53FF459E3C9B}"
EndProject
Project("{FAE04EC0-301F-11D3-BF4B-00C04F79EFBC}") = "WPFChat.Server", "WPFChat.Server\WPFChat.Server.csproj", "{7E238E99-49D1-408A-9A7B-0CB144099178}"
EndProject
Project("{FAE04EC0-301F-11D3-BF4B-00C04F79EFBC}") = "WPFChat.Client", "WPFChat.Client\WPFChat.Client.csproj", "{032757AD-1D7B-4660-BE73-40C7A247FC74}"
EndProject
Global
	GlobalSection(SolutionConfigurationPlatforms) = preSolution
		Debug|Any CPU = Debug|Any CPU
		Release|Any CPU = Release|Any CPU
	EndGlobalSection
	GlobalSection(ProjectConfigurationPlatforms) = postSolution
		{F1D37165-0053-4D8B-8620-53FF459E3C9B}.Debug|Any CPU.ActiveCfg = Debug|Any CPU
		{F1D37165-0053-4D8B-8620-53FF459E3C9B}.Debug|Any CPU.Build.0 = Debug|Any CPU
		{F1D37165-0053-4D8B-8620-53FF459E3C9B}.Release|Any CPU.ActiveCfg = Release|Any CPU
		{F1D37165-0053-4D8B-8620-53FF459E3C9B}.Release|Any CPU.Build.0 = Release|Any CPU
		{7E238E99-49D1-408A-9A7B-0CB144099178}.Debug|Any CPU.ActiveCfg = Debug|Any CPU
		{7E238E99-49D1-408A-9A7B-0CB144099178}.Debug|Any CPU.Build.0 = Debug|Any CPU
		{7E238E99-49D1-408A-9A7B-0CB144099178}.Release|Any CPU.ActiveCfg = Release|Any CPU
		{7E238E99-49D1-408A-9A7B-0CB144099178}.Release|Any CPU.Build.0 = Release|Any CPU
		{032757AD-1D7B-4660-BE73-40C7A247FC74}.Debug|Any CPU.ActiveCfg = Debug|Any CPU
		{032757AD-1D7B-4660-BE73-40C7A247FC74}.Debug|Any CPU.Build.0 = Debug|Any CPU
		{032757AD-1D7B-4660-BE73-40C7A247FC74}.Release|Any CPU.ActiveCfg = Release|Any CPU
		{032757AD-1D7B-4660-BE73-40C7A247FC74}.Release|Any CPU.Build.0 = Release|Any CPU
	EndGlobalSection
	GlobalSection(SolutionProperties) = preSolution
		HideSolutionNode = FALSE
	EndGlobalSection
EndGlobal
